
Microsoft Visual Studio Solution File, Format Version 12.00
# Visual Studio Version 17
VisualStudioVersion = 17.1.32328.378
MinimumVisualStudioVersion = 10.0.40219.1
Project("{FAE04EC0-301F-11D3-BF4B-00C04F79EFBC}") = "ApiContact", "ApiContact\ApiContact.csproj", "{542C9FDB-CB4E-4460-BDD6-547A275FEB5C}"
EndProject
Global
	GlobalSection(SolutionConfigurationPlatforms) = preSolution
		Debug|Any CPU = Debug|Any CPU
		Release|Any CPU = Release|Any CPU
	EndGlobalSection
	GlobalSection(ProjectConfigurationPlatforms) = postSolution
		{542C9FDB-CB4E-4460-BDD6-547A275FEB5C}.Debug|Any CPU.ActiveCfg = Debug|Any CPU
		{542C9FDB-CB4E-4460-BDD6-547A275FEB5C}.Debug|Any CPU.Build.0 = Debug|Any CPU
		{542C9FDB-CB4E-4460-BDD6-547A275FEB5C}.Release|Any CPU.ActiveCfg = Release|Any CPU
		{542C9FDB-CB4E-4460-BDD6-547A275FEB5C}.Release|Any CPU.Build.0 = Release|Any CPU
	EndGlobalSection
	GlobalSection(SolutionProperties) = preSolution
		HideSolutionNode = FALSE
	EndGlobalSection
	GlobalSection(ExtensibilityGlobals) = postSolution
		SolutionGuid = {5193FAA6-E791-4490-81EB-7819FBBED988}
	EndGlobalSection
EndGlobal
